
Microsoft Visual Studio Solution File, Format Version 12.00
# Visual Studio 2012
Project("{FAE04EC0-301F-11D3-BF4B-00C04F79EFBC}") = "GuessTheMelody", "GuessTheMelody\GuessTheMelody.csproj", "{8F5D39A0-2085-4FF5-A187-A66FC8354FD3}"
EndProject
Global
	GlobalSection(SolutionConfigurationPlatforms) = preSolution
		Debug|Any CPU = Debug|Any CPU
		Release|Any CPU = Release|Any CPU
	EndGlobalSection
	GlobalSection(ProjectConfigurationPlatforms) = postSolution
		{8F5D39A0-2085-4FF5-A187-A66FC8354FD3}.Debug|Any CPU.ActiveCfg = Debug|Any CPU
		{8F5D39A0-2085-4FF5-A187-A66FC8354FD3}.Debug|Any CPU.Build.0 = Debug|Any CPU
		{8F5D39A0-2085-4FF5-A187-A66FC8354FD3}.Release|Any CPU.ActiveCfg = Release|Any CPU
		{8F5D39A0-2085-4FF5-A187-A66FC8354FD3}.Release|Any CPU.Build.0 = Release|Any CPU
	EndGlobalSection
	GlobalSection(SolutionProperties) = preSolution
		HideSolutionNode = FALSE
	EndGlobalSection
EndGlobal
